
Microsoft Visual Studio Solution File, Format Version 12.00
Project("{FAE04EC0-301F-11D3-BF4B-00C04F79EFBC}") = "Solid.Rest.Practice.API", "Solid.Rest.Practice.API\Solid.Rest.Practice.API.csproj", "{8ED85809-2694-4048-9416-028127B840C4}"
EndProject
Project("{FAE04EC0-301F-11D3-BF4B-00C04F79EFBC}") = "Solid.Rest.Practice.API.Test", "Solid.Rest.Practice.API.Test\Solid.Rest.Practice.API.Test.csproj", "{B47EE366-8E64-4331-8A46-D0DFAF17472D}"
EndProject
Global
	GlobalSection(SolutionConfigurationPlatforms) = preSolution
		Debug|Any CPU = Debug|Any CPU
		Release|Any CPU = Release|Any CPU
	EndGlobalSection
	GlobalSection(ProjectConfigurationPlatforms) = postSolution
		{8ED85809-2694-4048-9416-028127B840C4}.Debug|Any CPU.ActiveCfg = Debug|Any CPU
		{8ED85809-2694-4048-9416-028127B840C4}.Debug|Any CPU.Build.0 = Debug|Any CPU
		{8ED85809-2694-4048-9416-028127B840C4}.Release|Any CPU.ActiveCfg = Release|Any CPU
		{8ED85809-2694-4048-9416-028127B840C4}.Release|Any CPU.Build.0 = Release|Any CPU
		{B47EE366-8E64-4331-8A46-D0DFAF17472D}.Debug|Any CPU.ActiveCfg = Debug|Any CPU
		{B47EE366-8E64-4331-8A46-D0DFAF17472D}.Debug|Any CPU.Build.0 = Debug|Any CPU
		{B47EE366-8E64-4331-8A46-D0DFAF17472D}.Release|Any CPU.ActiveCfg = Release|Any CPU
		{B47EE366-8E64-4331-8A46-D0DFAF17472D}.Release|Any CPU.Build.0 = Release|Any CPU
	EndGlobalSection
EndGlobal
